
Microsoft Visual Studio Solution File, Format Version 12.00
# Visual Studio Version 16
VisualStudioVersion = 16.0.30011.22
MinimumVisualStudioVersion = 10.0.40219.1
Project("{FAE04EC0-301F-11D3-BF4B-00C04F79EFBC}") = "antsequence20th", "antsequence20th\antsequence20th.csproj", "{717C8A4F-1EAF-4260-BA20-2308CAD59689}"
EndProject
Global
	GlobalSection(SolutionConfigurationPlatforms) = preSolution
		Debug|Any CPU = Debug|Any CPU
		Release|Any CPU = Release|Any CPU
	EndGlobalSection
	GlobalSection(ProjectConfigurationPlatforms) = postSolution
		{717C8A4F-1EAF-4260-BA20-2308CAD59689}.Debug|Any CPU.ActiveCfg = Debug|Any CPU
		{717C8A4F-1EAF-4260-BA20-2308CAD59689}.Debug|Any CPU.Build.0 = Debug|Any CPU
		{717C8A4F-1EAF-4260-BA20-2308CAD59689}.Release|Any CPU.ActiveCfg = Release|Any CPU
		{717C8A4F-1EAF-4260-BA20-2308CAD59689}.Release|Any CPU.Build.0 = Release|Any CPU
	EndGlobalSection
	GlobalSection(SolutionProperties) = preSolution
		HideSolutionNode = FALSE
	EndGlobalSection
	GlobalSection(ExtensibilityGlobals) = postSolution
		SolutionGuid = {CD4CFD53-3715-4A53-81D3-8564DFB7784E}
	EndGlobalSection
EndGlobal
